{
    __meta__ = {
        version = "1.0"
    },
    ["windows|x64"] = {
        ["cmake#f56260b5"] = {
            version = "4.2.0"
        },
        ["ninja#f56260b5"] = {
            version = "1.12.1"
        },
        ["robin-hood-hashing#f56260b5"] = {
            version = "3.11.5"
        },
        ["simpleini#f56260b5"] = {
            version = "v4.22"
        },
        ["spdlog#09c8c173"] = {
            version = "v1.16.0"
        },
        ["tbb#f56260b5"] = {
            version = "2022.1.0"
        },
        ["xbyak#f56260b5"] = {
            version = "v7.06"
        }
    }
}